
Microsoft Visual Studio Solution File, Format Version 12.00
# Visual Studio 15
VisualStudioVersion = 15.0.27004.2009
MinimumVisualStudioVersion = 10.0.40219.1
Project("{FAE04EC0-301F-11D3-BF4B-00C04F79EFBC}") = "LUU-data", "LUU-data\LUU-data.csproj", "{5DA9F865-93C0-43C1-975E-5D2174277567}"
EndProject
Global
	GlobalSection(SolutionConfigurationPlatforms) = preSolution
		Debug|Any CPU = Debug|Any CPU
		Release|Any CPU = Release|Any CPU
	EndGlobalSection
	GlobalSection(ProjectConfigurationPlatforms) = postSolution
		{5DA9F865-93C0-43C1-975E-5D2174277567}.Debug|Any CPU.ActiveCfg = Debug|Any CPU
		{5DA9F865-93C0-43C1-975E-5D2174277567}.Debug|Any CPU.Build.0 = Debug|Any CPU
		{5DA9F865-93C0-43C1-975E-5D2174277567}.Release|Any CPU.ActiveCfg = Release|Any CPU
		{5DA9F865-93C0-43C1-975E-5D2174277567}.Release|Any CPU.Build.0 = Release|Any CPU
	EndGlobalSection
	GlobalSection(SolutionProperties) = preSolution
		HideSolutionNode = FALSE
	EndGlobalSection
	GlobalSection(ExtensibilityGlobals) = postSolution
		SolutionGuid = {7D124D63-20C2-4CE9-8261-C90CFE798477}
	EndGlobalSection
EndGlobal
